
Microsoft Visual Studio Solution File, Format Version 12.00
# Visual Studio Version 16
VisualStudioVersion = 16.0.30611.23
MinimumVisualStudioVersion = 10.0.40219.1
Project("{FAE04EC0-301F-11D3-BF4B-00C04F79EFBC}") = "ureche_iudita_lab8", "ureche_iudita_lab8.csproj", "{5EF81E77-3B7C-4639-B5FE-5405F6D80BE0}"
EndProject
Global
	GlobalSection(SolutionConfigurationPlatforms) = preSolution
		Debug|Any CPU = Debug|Any CPU
		Release|Any CPU = Release|Any CPU
	EndGlobalSection
	GlobalSection(ProjectConfigurationPlatforms) = postSolution
		{5EF81E77-3B7C-4639-B5FE-5405F6D80BE0}.Debug|Any CPU.ActiveCfg = Debug|Any CPU
		{5EF81E77-3B7C-4639-B5FE-5405F6D80BE0}.Debug|Any CPU.Build.0 = Debug|Any CPU
		{5EF81E77-3B7C-4639-B5FE-5405F6D80BE0}.Release|Any CPU.ActiveCfg = Release|Any CPU
		{5EF81E77-3B7C-4639-B5FE-5405F6D80BE0}.Release|Any CPU.Build.0 = Release|Any CPU
	EndGlobalSection
	GlobalSection(SolutionProperties) = preSolution
		HideSolutionNode = FALSE
	EndGlobalSection
	GlobalSection(ExtensibilityGlobals) = postSolution
		SolutionGuid = {61DD22F6-815D-420B-8983-80DBD5DBA4BE}
	EndGlobalSection
EndGlobal
